
Microsoft Visual Studio Solution File, Format Version 12.00
# Visual Studio 2012
Project("{F2A71F9B-5D33-465A-A702-920D77279786}") = "Rosalind", "Rosalind\Rosalind.fsproj", "{CED456C3-691D-421E-A827-265A3750A313}"
EndProject
Project("{F2A71F9B-5D33-465A-A702-920D77279786}") = "GC_Content", "GC_Content\GC_Content.fsproj", "{722EF8B0-064F-44FE-AC12-EB80DD3A5161}"
EndProject
Project("{F2A71F9B-5D33-465A-A702-920D77279786}") = "IntroToProbability", "IntroToProbability\IntroToProbability.fsproj", "{8D761FB6-B614-40BB-A670-1581962A37DF}"
EndProject
Project("{F2A71F9B-5D33-465A-A702-920D77279786}") = "CountingPointMutations", "CountingPointMutations\CountingPointMutations.fsproj", "{059ABA7D-DBAE-43C7-850A-7FA1F94D0977}"
EndProject
Project("{F2A71F9B-5D33-465A-A702-920D77279786}") = "Perm", "Perm\Perm.fsproj", "{9F305B73-5303-43DD-B6CB-CA0E20E870F7}"
EndProject
Project("{F2A71F9B-5D33-465A-A702-920D77279786}") = "Lexf", "Lexf\Lexf.fsproj", "{8B66C6D1-D6C8-4AED-85D9-0C5D176C1677}"
EndProject
Project("{F2A71F9B-5D33-465A-A702-920D77279786}") = "Prot", "Prot\Prot.fsproj", "{F6105A78-CC77-4803-B4CB-230825CE93AF}"
EndProject
Project("{2150E333-8FDC-42A3-9474-1A3956D46DE8}") = "Solution Items", "Solution Items", "{26A895A7-D974-44CC-92DC-3616EE16632D}"
	ProjectSection(SolutionItems) = preProject
		ReadMe.md = ReadMe.md
	EndProjectSection
EndProject
Project("{F2A71F9B-5D33-465A-A702-920D77279786}") = "Prtm", "Prtm\Prtm.fsproj", "{CBF064C7-AF0F-4286-8302-DCF359522C94}"
EndProject
Project("{F2A71F9B-5D33-465A-A702-920D77279786}") = "Subs", "Subs\Subs.fsproj", "{38CD4125-6221-43D7-A4ED-064A2805A6B5}"
EndProject
Project("{F2A71F9B-5D33-465A-A702-920D77279786}") = "Mrna", "Mrna\Mrna.fsproj", "{C3E78DDF-E265-45EA-BAAF-D8CE081E503F}"
EndProject
Project("{F2A71F9B-5D33-465A-A702-920D77279786}") = "Cons", "Cons\Cons.fsproj", "{A346B9C9-37E5-4519-B100-930F420506DC}"
EndProject
Global
	GlobalSection(SolutionConfigurationPlatforms) = preSolution
		Debug|Any CPU = Debug|Any CPU
		Release|Any CPU = Release|Any CPU
	EndGlobalSection
	GlobalSection(ProjectConfigurationPlatforms) = postSolution
		{CED456C3-691D-421E-A827-265A3750A313}.Debug|Any CPU.ActiveCfg = Debug|Any CPU
		{CED456C3-691D-421E-A827-265A3750A313}.Debug|Any CPU.Build.0 = Debug|Any CPU
		{CED456C3-691D-421E-A827-265A3750A313}.Release|Any CPU.ActiveCfg = Release|Any CPU
		{CED456C3-691D-421E-A827-265A3750A313}.Release|Any CPU.Build.0 = Release|Any CPU
		{722EF8B0-064F-44FE-AC12-EB80DD3A5161}.Debug|Any CPU.ActiveCfg = Debug|Any CPU
		{722EF8B0-064F-44FE-AC12-EB80DD3A5161}.Debug|Any CPU.Build.0 = Debug|Any CPU
		{722EF8B0-064F-44FE-AC12-EB80DD3A5161}.Release|Any CPU.ActiveCfg = Release|Any CPU
		{722EF8B0-064F-44FE-AC12-EB80DD3A5161}.Release|Any CPU.Build.0 = Release|Any CPU
		{8D761FB6-B614-40BB-A670-1581962A37DF}.Debug|Any CPU.ActiveCfg = Debug|Any CPU
		{8D761FB6-B614-40BB-A670-1581962A37DF}.Debug|Any CPU.Build.0 = Debug|Any CPU
		{8D761FB6-B614-40BB-A670-1581962A37DF}.Release|Any CPU.ActiveCfg = Release|Any CPU
		{8D761FB6-B614-40BB-A670-1581962A37DF}.Release|Any CPU.Build.0 = Release|Any CPU
		{059ABA7D-DBAE-43C7-850A-7FA1F94D0977}.Debug|Any CPU.ActiveCfg = Debug|Any CPU
		{059ABA7D-DBAE-43C7-850A-7FA1F94D0977}.Debug|Any CPU.Build.0 = Debug|Any CPU
		{059ABA7D-DBAE-43C7-850A-7FA1F94D0977}.Release|Any CPU.ActiveCfg = Release|Any CPU
		{059ABA7D-DBAE-43C7-850A-7FA1F94D0977}.Release|Any CPU.Build.0 = Release|Any CPU
		{9F305B73-5303-43DD-B6CB-CA0E20E870F7}.Debug|Any CPU.ActiveCfg = Debug|Any CPU
		{9F305B73-5303-43DD-B6CB-CA0E20E870F7}.Debug|Any CPU.Build.0 = Debug|Any CPU
		{9F305B73-5303-43DD-B6CB-CA0E20E870F7}.Release|Any CPU.ActiveCfg = Release|Any CPU
		{9F305B73-5303-43DD-B6CB-CA0E20E870F7}.Release|Any CPU.Build.0 = Release|Any CPU
		{8B66C6D1-D6C8-4AED-85D9-0C5D176C1677}.Debug|Any CPU.ActiveCfg = Debug|Any CPU
		{8B66C6D1-D6C8-4AED-85D9-0C5D176C1677}.Debug|Any CPU.Build.0 = Debug|Any CPU
		{8B66C6D1-D6C8-4AED-85D9-0C5D176C1677}.Release|Any CPU.ActiveCfg = Release|Any CPU
		{8B66C6D1-D6C8-4AED-85D9-0C5D176C1677}.Release|Any CPU.Build.0 = Release|Any CPU
		{F6105A78-CC77-4803-B4CB-230825CE93AF}.Debug|Any CPU.ActiveCfg = Debug|Any CPU
		{F6105A78-CC77-4803-B4CB-230825CE93AF}.Debug|Any CPU.Build.0 = Debug|Any CPU
		{F6105A78-CC77-4803-B4CB-230825CE93AF}.Release|Any CPU.ActiveCfg = Release|Any CPU
		{F6105A78-CC77-4803-B4CB-230825CE93AF}.Release|Any CPU.Build.0 = Release|Any CPU
		{CBF064C7-AF0F-4286-8302-DCF359522C94}.Debug|Any CPU.ActiveCfg = Debug|Any CPU
		{CBF064C7-AF0F-4286-8302-DCF359522C94}.Debug|Any CPU.Build.0 = Debug|Any CPU
		{CBF064C7-AF0F-4286-8302-DCF359522C94}.Release|Any CPU.ActiveCfg = Release|Any CPU
		{CBF064C7-AF0F-4286-8302-DCF359522C94}.Release|Any CPU.Build.0 = Release|Any CPU
		{38CD4125-6221-43D7-A4ED-064A2805A6B5}.Debug|Any CPU.ActiveCfg = Debug|Any CPU
		{38CD4125-6221-43D7-A4ED-064A2805A6B5}.Debug|Any CPU.Build.0 = Debug|Any CPU
		{38CD4125-6221-43D7-A4ED-064A2805A6B5}.Release|Any CPU.ActiveCfg = Release|Any CPU
		{38CD4125-6221-43D7-A4ED-064A2805A6B5}.Release|Any CPU.Build.0 = Release|Any CPU
		{C3E78DDF-E265-45EA-BAAF-D8CE081E503F}.Debug|Any CPU.ActiveCfg = Debug|Any CPU
		{C3E78DDF-E265-45EA-BAAF-D8CE081E503F}.Debug|Any CPU.Build.0 = Debug|Any CPU
		{C3E78DDF-E265-45EA-BAAF-D8CE081E503F}.Release|Any CPU.ActiveCfg = Release|Any CPU
		{C3E78DDF-E265-45EA-BAAF-D8CE081E503F}.Release|Any CPU.Build.0 = Release|Any CPU
		{A346B9C9-37E5-4519-B100-930F420506DC}.Debug|Any CPU.ActiveCfg = Debug|Any CPU
		{A346B9C9-37E5-4519-B100-930F420506DC}.Debug|Any CPU.Build.0 = Debug|Any CPU
		{A346B9C9-37E5-4519-B100-930F420506DC}.Release|Any CPU.ActiveCfg = Release|Any CPU
		{A346B9C9-37E5-4519-B100-930F420506DC}.Release|Any CPU.Build.0 = Release|Any CPU
	EndGlobalSection
	GlobalSection(SolutionProperties) = preSolution
		HideSolutionNode = FALSE
	EndGlobalSection
EndGlobal
